
Microsoft Visual Studio Solution File, Format Version 12.00
# Visual Studio Version 17
VisualStudioVersion = 17.14.36811.4
MinimumVisualStudioVersion = 10.0.40219.1
Project("{FAE04EC0-301F-11D3-BF4B-00C04F79EFBC}") = "voicewpf", "voicewpf.csproj", "{1B192FF3-26F6-4D4B-B29E-2D2C31C0B8BC}"
EndProject
Project("{54435603-DBB4-11D2-8724-00A0C9A8B90C}") = "install", "install\install.vdproj", "{0F48EF4B-3063-23E4-72C6-21544904F984}"
EndProject
Global
	GlobalSection(SolutionConfigurationPlatforms) = preSolution
		Debug|Any CPU = Debug|Any CPU
		Debug|x64 = Debug|x64
		Release|Any CPU = Release|Any CPU
		Release|x64 = Release|x64
	EndGlobalSection
	GlobalSection(ProjectConfigurationPlatforms) = postSolution
		{1B192FF3-26F6-4D4B-B29E-2D2C31C0B8BC}.Debug|Any CPU.ActiveCfg = Debug|Any CPU
		{1B192FF3-26F6-4D4B-B29E-2D2C31C0B8BC}.Debug|Any CPU.Build.0 = Debug|Any CPU
		{1B192FF3-26F6-4D4B-B29E-2D2C31C0B8BC}.Debug|x64.ActiveCfg = Debug|x64
		{1B192FF3-26F6-4D4B-B29E-2D2C31C0B8BC}.Debug|x64.Build.0 = Debug|x64
		{1B192FF3-26F6-4D4B-B29E-2D2C31C0B8BC}.Release|Any CPU.ActiveCfg = Release|Any CPU
		{1B192FF3-26F6-4D4B-B29E-2D2C31C0B8BC}.Release|Any CPU.Build.0 = Release|Any CPU
		{1B192FF3-26F6-4D4B-B29E-2D2C31C0B8BC}.Release|x64.ActiveCfg = Release|x64
		{1B192FF3-26F6-4D4B-B29E-2D2C31C0B8BC}.Release|x64.Build.0 = Release|x64
		{0F48EF4B-3063-23E4-72C6-21544904F984}.Debug|Any CPU.ActiveCfg = Debug
		{0F48EF4B-3063-23E4-72C6-21544904F984}.Debug|x64.ActiveCfg = Debug
		{0F48EF4B-3063-23E4-72C6-21544904F984}.Release|Any CPU.ActiveCfg = Release
		{0F48EF4B-3063-23E4-72C6-21544904F984}.Release|x64.ActiveCfg = Release
	EndGlobalSection
	GlobalSection(SolutionProperties) = preSolution
		HideSolutionNode = FALSE
	EndGlobalSection
	GlobalSection(ExtensibilityGlobals) = postSolution
		SolutionGuid = {4969D277-B984-4983-AF5B-BF927E97C9B9}
	EndGlobalSection
EndGlobal
